
Microsoft Visual Studio Solution File, Format Version 12.00
# Visual Studio Version 17
VisualStudioVersion = 17.3.32804.467
MinimumVisualStudioVersion = 10.0.40219.1
Project("{FAE04EC0-301F-11D3-BF4B-00C04F79EFBC}") = "CmsShoppingCart", "CmsShoppingCart\CmsShoppingCart.csproj", "{8B7A16E3-CF6F-46FA-ADA5-5AE56958A4EF}"
EndProject
Global
	GlobalSection(SolutionConfigurationPlatforms) = preSolution
		Debug|Any CPU = Debug|Any CPU
		Release|Any CPU = Release|Any CPU
	EndGlobalSection
	GlobalSection(ProjectConfigurationPlatforms) = postSolution
		{8B7A16E3-CF6F-46FA-ADA5-5AE56958A4EF}.Debug|Any CPU.ActiveCfg = Debug|Any CPU
		{8B7A16E3-CF6F-46FA-ADA5-5AE56958A4EF}.Debug|Any CPU.Build.0 = Debug|Any CPU
		{8B7A16E3-CF6F-46FA-ADA5-5AE56958A4EF}.Release|Any CPU.ActiveCfg = Release|Any CPU
		{8B7A16E3-CF6F-46FA-ADA5-5AE56958A4EF}.Release|Any CPU.Build.0 = Release|Any CPU
	EndGlobalSection
	GlobalSection(SolutionProperties) = preSolution
		HideSolutionNode = FALSE
	EndGlobalSection
	GlobalSection(ExtensibilityGlobals) = postSolution
		SolutionGuid = {5A91B419-1150-475F-BFE2-F541AD342D40}
	EndGlobalSection
EndGlobal
